
Microsoft Visual Studio Solution File, Format Version 12.00
# Visual Studio 15
VisualStudioVersion = 15.0.26124.0
MinimumVisualStudioVersion = 15.0.26124.0
Project("{FAE04EC0-301F-11D3-BF4B-00C04F79EFBC}") = "Penguin.Reflection.Serialization.Local", "Penguin.Reflection.Serialization.Local.csproj", "{39517D4B-E2C8-4AAB-A183-BFDE359A808B}"
EndProject
Project("{FAE04EC0-301F-11D3-BF4B-00C04F79EFBC}") = "Penguin.Extensions.Collections.Local", "..\Penguin.Extensions.Collections\Penguin.Extensions.Collections.Local.csproj", "{D0D2108F-F1C6-4EE6-BE99-DDBC5886A252}"
EndProject
Project("{FAE04EC0-301F-11D3-BF4B-00C04F79EFBC}") = "Penguin.Reflection.Extensions.Local", "..\Penguin.Reflection.Extensions\Penguin.Reflection.Extensions.Local.csproj", "{B29F8DF2-EA22-4528-AB3B-A8BF93BBFC6D}"
EndProject
Project("{FAE04EC0-301F-11D3-BF4B-00C04F79EFBC}") = "Penguin.Reflection.Abstractions.Local", "..\Penguin.Reflection.Abstractions\Penguin.Reflection.Abstractions.Local.csproj", "{BAD54603-5840-4662-95EC-EBE89CE66C00}"
EndProject
Project("{FAE04EC0-301F-11D3-BF4B-00C04F79EFBC}") = "Penguin.Extensions.String.Local", "..\Penguin.Extensions.String\Penguin.Extensions.String.Local.csproj", "{AF1DD196-3D14-4567-B6DB-B7CEC0A7B637}"
EndProject
Project("{FAE04EC0-301F-11D3-BF4B-00C04F79EFBC}") = "Penguin.Reflection.Serialization.Abstractions.Local", "..\Penguin.Reflection.Serialization.Abstractions\Penguin.Reflection.Serialization.Abstractions.Local.csproj", "{3C1C6437-9A4D-43AC-8EE4-F50F9BCD9A59}"
EndProject
Project("{FAE04EC0-301F-11D3-BF4B-00C04F79EFBC}") = "Penguin.Reflection.Local", "..\Penguin.Reflection\Penguin.Reflection.Local.csproj", "{7DACAC07-8642-4217-9CF5-868F04A02D24}"
EndProject
Project("{FAE04EC0-301F-11D3-BF4B-00C04F79EFBC}") = "Penguin.Debugging.Local", "..\Penguin.Debugging\Penguin.Debugging.Local.csproj", "{9FFB03CD-74E1-4118-96F5-41DBDAA2DCB9}"
EndProject
Project("{FAE04EC0-301F-11D3-BF4B-00C04F79EFBC}") = "Penguin.Extensions.Exceptions.Local", "..\Penguin.Extensions.Exceptions\Penguin.Extensions.Exceptions.Local.csproj", "{0AA6D5A7-2EBC-4A8F-814D-522F35226BDA}"
EndProject
Global
	GlobalSection(SolutionConfigurationPlatforms) = preSolution
		Debug|Any CPU = Debug|Any CPU
		Debug|x64 = Debug|x64
		Debug|x86 = Debug|x86
		Release|Any CPU = Release|Any CPU
		Release|x64 = Release|x64
		Release|x86 = Release|x86
	EndGlobalSection
	GlobalSection(SolutionProperties) = preSolution
		HideSolutionNode = FALSE
	EndGlobalSection
	GlobalSection(ProjectConfigurationPlatforms) = postSolution
		{39517D4B-E2C8-4AAB-A183-BFDE359A808B}.Debug|Any CPU.ActiveCfg = Debug|Any CPU
		{39517D4B-E2C8-4AAB-A183-BFDE359A808B}.Debug|Any CPU.Build.0 = Debug|Any CPU
		{39517D4B-E2C8-4AAB-A183-BFDE359A808B}.Debug|x64.ActiveCfg = Debug|Any CPU
		{39517D4B-E2C8-4AAB-A183-BFDE359A808B}.Debug|x64.Build.0 = Debug|Any CPU
		{39517D4B-E2C8-4AAB-A183-BFDE359A808B}.Debug|x86.ActiveCfg = Debug|Any CPU
		{39517D4B-E2C8-4AAB-A183-BFDE359A808B}.Debug|x86.Build.0 = Debug|Any CPU
		{39517D4B-E2C8-4AAB-A183-BFDE359A808B}.Release|Any CPU.ActiveCfg = Release|Any CPU
		{39517D4B-E2C8-4AAB-A183-BFDE359A808B}.Release|Any CPU.Build.0 = Release|Any CPU
		{39517D4B-E2C8-4AAB-A183-BFDE359A808B}.Release|x64.ActiveCfg = Release|Any CPU
		{39517D4B-E2C8-4AAB-A183-BFDE359A808B}.Release|x64.Build.0 = Release|Any CPU
		{39517D4B-E2C8-4AAB-A183-BFDE359A808B}.Release|x86.ActiveCfg = Release|Any CPU
		{39517D4B-E2C8-4AAB-A183-BFDE359A808B}.Release|x86.Build.0 = Release|Any CPU
		{D0D2108F-F1C6-4EE6-BE99-DDBC5886A252}.Debug|Any CPU.ActiveCfg = Debug|Any CPU
		{D0D2108F-F1C6-4EE6-BE99-DDBC5886A252}.Debug|Any CPU.Build.0 = Debug|Any CPU
		{D0D2108F-F1C6-4EE6-BE99-DDBC5886A252}.Debug|x64.ActiveCfg = Debug|Any CPU
		{D0D2108F-F1C6-4EE6-BE99-DDBC5886A252}.Debug|x64.Build.0 = Debug|Any CPU
		{D0D2108F-F1C6-4EE6-BE99-DDBC5886A252}.Debug|x86.ActiveCfg = Debug|Any CPU
		{D0D2108F-F1C6-4EE6-BE99-DDBC5886A252}.Debug|x86.Build.0 = Debug|Any CPU
		{D0D2108F-F1C6-4EE6-BE99-DDBC5886A252}.Release|Any CPU.ActiveCfg = Release|Any CPU
		{D0D2108F-F1C6-4EE6-BE99-DDBC5886A252}.Release|Any CPU.Build.0 = Release|Any CPU
		{D0D2108F-F1C6-4EE6-BE99-DDBC5886A252}.Release|x64.ActiveCfg = Release|Any CPU
		{D0D2108F-F1C6-4EE6-BE99-DDBC5886A252}.Release|x64.Build.0 = Release|Any CPU
		{D0D2108F-F1C6-4EE6-BE99-DDBC5886A252}.Release|x86.ActiveCfg = Release|Any CPU
		{D0D2108F-F1C6-4EE6-BE99-DDBC5886A252}.Release|x86.Build.0 = Release|Any CPU
		{B29F8DF2-EA22-4528-AB3B-A8BF93BBFC6D}.Debug|Any CPU.ActiveCfg = Debug|Any CPU
		{B29F8DF2-EA22-4528-AB3B-A8BF93BBFC6D}.Debug|Any CPU.Build.0 = Debug|Any CPU
		{B29F8DF2-EA22-4528-AB3B-A8BF93BBFC6D}.Debug|x64.ActiveCfg = Debug|Any CPU
		{B29F8DF2-EA22-4528-AB3B-A8BF93BBFC6D}.Debug|x64.Build.0 = Debug|Any CPU
		{B29F8DF2-EA22-4528-AB3B-A8BF93BBFC6D}.Debug|x86.ActiveCfg = Debug|Any CPU
		{B29F8DF2-EA22-4528-AB3B-A8BF93BBFC6D}.Debug|x86.Build.0 = Debug|Any CPU
		{B29F8DF2-EA22-4528-AB3B-A8BF93BBFC6D}.Release|Any CPU.ActiveCfg = Release|Any CPU
		{B29F8DF2-EA22-4528-AB3B-A8BF93BBFC6D}.Release|Any CPU.Build.0 = Release|Any CPU
		{B29F8DF2-EA22-4528-AB3B-A8BF93BBFC6D}.Release|x64.ActiveCfg = Release|Any CPU
		{B29F8DF2-EA22-4528-AB3B-A8BF93BBFC6D}.Release|x64.Build.0 = Release|Any CPU
		{B29F8DF2-EA22-4528-AB3B-A8BF93BBFC6D}.Release|x86.ActiveCfg = Release|Any CPU
		{B29F8DF2-EA22-4528-AB3B-A8BF93BBFC6D}.Release|x86.Build.0 = Release|Any CPU
		{BAD54603-5840-4662-95EC-EBE89CE66C00}.Debug|Any CPU.ActiveCfg = Debug|Any CPU
		{BAD54603-5840-4662-95EC-EBE89CE66C00}.Debug|Any CPU.Build.0 = Debug|Any CPU
		{BAD54603-5840-4662-95EC-EBE89CE66C00}.Debug|x64.ActiveCfg = Debug|Any CPU
		{BAD54603-5840-4662-95EC-EBE89CE66C00}.Debug|x64.Build.0 = Debug|Any CPU
		{BAD54603-5840-4662-95EC-EBE89CE66C00}.Debug|x86.ActiveCfg = Debug|Any CPU
		{BAD54603-5840-4662-95EC-EBE89CE66C00}.Debug|x86.Build.0 = Debug|Any CPU
		{BAD54603-5840-4662-95EC-EBE89CE66C00}.Release|Any CPU.ActiveCfg = Release|Any CPU
		{BAD54603-5840-4662-95EC-EBE89CE66C00}.Release|Any CPU.Build.0 = Release|Any CPU
		{BAD54603-5840-4662-95EC-EBE89CE66C00}.Release|x64.ActiveCfg = Release|Any CPU
		{BAD54603-5840-4662-95EC-EBE89CE66C00}.Release|x64.Build.0 = Release|Any CPU
		{BAD54603-5840-4662-95EC-EBE89CE66C00}.Release|x86.ActiveCfg = Release|Any CPU
		{BAD54603-5840-4662-95EC-EBE89CE66C00}.Release|x86.Build.0 = Release|Any CPU
		{AF1DD196-3D14-4567-B6DB-B7CEC0A7B637}.Debug|Any CPU.ActiveCfg = Debug|Any CPU
		{AF1DD196-3D14-4567-B6DB-B7CEC0A7B637}.Debug|Any CPU.Build.0 = Debug|Any CPU
		{AF1DD196-3D14-4567-B6DB-B7CEC0A7B637}.Debug|x64.ActiveCfg = Debug|Any CPU
		{AF1DD196-3D14-4567-B6DB-B7CEC0A7B637}.Debug|x64.Build.0 = Debug|Any CPU
		{AF1DD196-3D14-4567-B6DB-B7CEC0A7B637}.Debug|x86.ActiveCfg = Debug|Any CPU
		{AF1DD196-3D14-4567-B6DB-B7CEC0A7B637}.Debug|x86.Build.0 = Debug|Any CPU
		{AF1DD196-3D14-4567-B6DB-B7CEC0A7B637}.Release|Any CPU.ActiveCfg = Release|Any CPU
		{AF1DD196-3D14-4567-B6DB-B7CEC0A7B637}.Release|Any CPU.Build.0 = Release|Any CPU
		{AF1DD196-3D14-4567-B6DB-B7CEC0A7B637}.Release|x64.ActiveCfg = Release|Any CPU
		{AF1DD196-3D14-4567-B6DB-B7CEC0A7B637}.Release|x64.Build.0 = Release|Any CPU
		{AF1DD196-3D14-4567-B6DB-B7CEC0A7B637}.Release|x86.ActiveCfg = Release|Any CPU
		{AF1DD196-3D14-4567-B6DB-B7CEC0A7B637}.Release|x86.Build.0 = Release|Any CPU
		{3C1C6437-9A4D-43AC-8EE4-F50F9BCD9A59}.Debug|Any CPU.ActiveCfg = Debug|Any CPU
		{3C1C6437-9A4D-43AC-8EE4-F50F9BCD9A59}.Debug|Any CPU.Build.0 = Debug|Any CPU
		{3C1C6437-9A4D-43AC-8EE4-F50F9BCD9A59}.Debug|x64.ActiveCfg = Debug|Any CPU
		{3C1C6437-9A4D-43AC-8EE4-F50F9BCD9A59}.Debug|x64.Build.0 = Debug|Any CPU
		{3C1C6437-9A4D-43AC-8EE4-F50F9BCD9A59}.Debug|x86.ActiveCfg = Debug|Any CPU
		{3C1C6437-9A4D-43AC-8EE4-F50F9BCD9A59}.Debug|x86.Build.0 = Debug|Any CPU
		{3C1C6437-9A4D-43AC-8EE4-F50F9BCD9A59}.Release|Any CPU.ActiveCfg = Release|Any CPU
		{3C1C6437-9A4D-43AC-8EE4-F50F9BCD9A59}.Release|Any CPU.Build.0 = Release|Any CPU
		{3C1C6437-9A4D-43AC-8EE4-F50F9BCD9A59}.Release|x64.ActiveCfg = Release|Any CPU
		{3C1C6437-9A4D-43AC-8EE4-F50F9BCD9A59}.Release|x64.Build.0 = Release|Any CPU
		{3C1C6437-9A4D-43AC-8EE4-F50F9BCD9A59}.Release|x86.ActiveCfg = Release|Any CPU
		{3C1C6437-9A4D-43AC-8EE4-F50F9BCD9A59}.Release|x86.Build.0 = Release|Any CPU
		{7DACAC07-8642-4217-9CF5-868F04A02D24}.Debug|Any CPU.ActiveCfg = Debug|Any CPU
		{7DACAC07-8642-4217-9CF5-868F04A02D24}.Debug|Any CPU.Build.0 = Debug|Any CPU
		{7DACAC07-8642-4217-9CF5-868F04A02D24}.Debug|x64.ActiveCfg = Debug|Any CPU
		{7DACAC07-8642-4217-9CF5-868F04A02D24}.Debug|x64.Build.0 = Debug|Any CPU
		{7DACAC07-8642-4217-9CF5-868F04A02D24}.Debug|x86.ActiveCfg = Debug|Any CPU
		{7DACAC07-8642-4217-9CF5-868F04A02D24}.Debug|x86.Build.0 = Debug|Any CPU
		{7DACAC07-8642-4217-9CF5-868F04A02D24}.Release|Any CPU.ActiveCfg = Release|Any CPU
		{7DACAC07-8642-4217-9CF5-868F04A02D24}.Release|Any CPU.Build.0 = Release|Any CPU
		{7DACAC07-8642-4217-9CF5-868F04A02D24}.Release|x64.ActiveCfg = Release|Any CPU
		{7DACAC07-8642-4217-9CF5-868F04A02D24}.Release|x64.Build.0 = Release|Any CPU
		{7DACAC07-8642-4217-9CF5-868F04A02D24}.Release|x86.ActiveCfg = Release|Any CPU
		{7DACAC07-8642-4217-9CF5-868F04A02D24}.Release|x86.Build.0 = Release|Any CPU
		{9FFB03CD-74E1-4118-96F5-41DBDAA2DCB9}.Debug|Any CPU.ActiveCfg = Debug|Any CPU
		{9FFB03CD-74E1-4118-96F5-41DBDAA2DCB9}.Debug|Any CPU.Build.0 = Debug|Any CPU
		{9FFB03CD-74E1-4118-96F5-41DBDAA2DCB9}.Debug|x64.ActiveCfg = Debug|Any CPU
		{9FFB03CD-74E1-4118-96F5-41DBDAA2DCB9}.Debug|x64.Build.0 = Debug|Any CPU
		{9FFB03CD-74E1-4118-96F5-41DBDAA2DCB9}.Debug|x86.ActiveCfg = Debug|Any CPU
		{9FFB03CD-74E1-4118-96F5-41DBDAA2DCB9}.Debug|x86.Build.0 = Debug|Any CPU
		{9FFB03CD-74E1-4118-96F5-41DBDAA2DCB9}.Release|Any CPU.ActiveCfg = Release|Any CPU
		{9FFB03CD-74E1-4118-96F5-41DBDAA2DCB9}.Release|Any CPU.Build.0 = Release|Any CPU
		{9FFB03CD-74E1-4118-96F5-41DBDAA2DCB9}.Release|x64.ActiveCfg = Release|Any CPU
		{9FFB03CD-74E1-4118-96F5-41DBDAA2DCB9}.Release|x64.Build.0 = Release|Any CPU
		{9FFB03CD-74E1-4118-96F5-41DBDAA2DCB9}.Release|x86.ActiveCfg = Release|Any CPU
		{9FFB03CD-74E1-4118-96F5-41DBDAA2DCB9}.Release|x86.Build.0 = Release|Any CPU
		{0AA6D5A7-2EBC-4A8F-814D-522F35226BDA}.Debug|Any CPU.ActiveCfg = Debug|Any CPU
		{0AA6D5A7-2EBC-4A8F-814D-522F35226BDA}.Debug|Any CPU.Build.0 = Debug|Any CPU
		{0AA6D5A7-2EBC-4A8F-814D-522F35226BDA}.Debug|x64.ActiveCfg = Debug|Any CPU
		{0AA6D5A7-2EBC-4A8F-814D-522F35226BDA}.Debug|x64.Build.0 = Debug|Any CPU
		{0AA6D5A7-2EBC-4A8F-814D-522F35226BDA}.Debug|x86.ActiveCfg = Debug|Any CPU
		{0AA6D5A7-2EBC-4A8F-814D-522F35226BDA}.Debug|x86.Build.0 = Debug|Any CPU
		{0AA6D5A7-2EBC-4A8F-814D-522F35226BDA}.Release|Any CPU.ActiveCfg = Release|Any CPU
		{0AA6D5A7-2EBC-4A8F-814D-522F35226BDA}.Release|Any CPU.Build.0 = Release|Any CPU
		{0AA6D5A7-2EBC-4A8F-814D-522F35226BDA}.Release|x64.ActiveCfg = Release|Any CPU
		{0AA6D5A7-2EBC-4A8F-814D-522F35226BDA}.Release|x64.Build.0 = Release|Any CPU
		{0AA6D5A7-2EBC-4A8F-814D-522F35226BDA}.Release|x86.ActiveCfg = Release|Any CPU
		{0AA6D5A7-2EBC-4A8F-814D-522F35226BDA}.Release|x86.Build.0 = Release|Any CPU
	EndGlobalSection
EndGlobal
